
Microsoft Visual Studio Solution File, Format Version 12.00
# Visual Studio 15
Project("{FAE04EC0-301F-11D3-BF4B-00C04F79EFBC}") = "Assembly-CSharp", "Assembly-CSharp.csproj", "{16A6AA55-36A1-6550-B991-8FCD90FE432D}"
EndProject
Project("{FAE04EC0-301F-11D3-BF4B-00C04F79EFBC}") = "Assembly-CSharp-Editor", "Assembly-CSharp-Editor.csproj", "{84B8A6D4-8E15-A6F8-D428-1AC477163E16}"
EndProject
Global
	GlobalSection(SolutionConfigurationPlatforms) = preSolution
		Debug|Any CPU = Debug|Any CPU
		Release|Any CPU = Release|Any CPU
	EndGlobalSection
	GlobalSection(ProjectConfigurationPlatforms) = postSolution
		{16A6AA55-36A1-6550-B991-8FCD90FE432D}.Debug|Any CPU.ActiveCfg = Debug|Any CPU
		{16A6AA55-36A1-6550-B991-8FCD90FE432D}.Debug|Any CPU.Build.0 = Debug|Any CPU
		{16A6AA55-36A1-6550-B991-8FCD90FE432D}.Release|Any CPU.ActiveCfg = Release|Any CPU
		{16A6AA55-36A1-6550-B991-8FCD90FE432D}.Release|Any CPU.Build.0 = Release|Any CPU
		{84B8A6D4-8E15-A6F8-D428-1AC477163E16}.Debug|Any CPU.ActiveCfg = Debug|Any CPU
		{84B8A6D4-8E15-A6F8-D428-1AC477163E16}.Debug|Any CPU.Build.0 = Debug|Any CPU
		{84B8A6D4-8E15-A6F8-D428-1AC477163E16}.Release|Any CPU.ActiveCfg = Release|Any CPU
		{84B8A6D4-8E15-A6F8-D428-1AC477163E16}.Release|Any CPU.Build.0 = Release|Any CPU
	EndGlobalSection
	GlobalSection(SolutionProperties) = preSolution
		HideSolutionNode = FALSE
	EndGlobalSection
EndGlobal
